
Microsoft Visual Studio Solution File, Format Version 12.00
# Visual Studio 15
VisualStudioVersion = 15.0.27703.2047
MinimumVisualStudioVersion = 10.0.40219.1
Project("{FAE04EC0-301F-11D3-BF4B-00C04F79EFBC}") = "Lab0", "Lab0\Lab0.csproj", "{942D6CA2-3B6D-4C45-AE47-2FE67A0A150B}"
EndProject
Global
	GlobalSection(SolutionConfigurationPlatforms) = preSolution
		Debug|Any CPU = Debug|Any CPU
		Release|Any CPU = Release|Any CPU
	EndGlobalSection
	GlobalSection(ProjectConfigurationPlatforms) = postSolution
		{942D6CA2-3B6D-4C45-AE47-2FE67A0A150B}.Debug|Any CPU.ActiveCfg = Debug|Any CPU
		{942D6CA2-3B6D-4C45-AE47-2FE67A0A150B}.Debug|Any CPU.Build.0 = Debug|Any CPU
		{942D6CA2-3B6D-4C45-AE47-2FE67A0A150B}.Release|Any CPU.ActiveCfg = Release|Any CPU
		{942D6CA2-3B6D-4C45-AE47-2FE67A0A150B}.Release|Any CPU.Build.0 = Release|Any CPU
	EndGlobalSection
	GlobalSection(SolutionProperties) = preSolution
		HideSolutionNode = FALSE
	EndGlobalSection
	GlobalSection(ExtensibilityGlobals) = postSolution
		SolutionGuid = {37B68C9F-DC4D-424C-AB8A-759541FE0F73}
	EndGlobalSection
EndGlobal
